// !$*UTF8*$!
{
	archiveVersion = 1;
	classes = {
	};
	objectVersion = 77;
	objects = {

/* Begin PBXBuildFile section */
		F94F466F2DA1364F00E8C90C /* NetflixHeroCell.swift in Sources */ = {isa = PBXBuildFile; fileRef = F94F466E2DA1364F00E8C90C /* NetflixHeroCell.swift */; };
		F94F46722DA137CC00E8C90C /* Constants.swift in Sources */ = {isa = PBXBuildFile; fileRef = F94F46712DA137C900E8C90C /* Constants.swift */; };
		F94F46742DA1381E00E8C90C /* ImageLoaderView.swift in Sources */ = {isa = PBXBuildFile; fileRef = F94F46732DA1381E00E8C90C /* ImageLoaderView.swift */; };
		F980AACA2D9B806A00E91E97 /* ContentView.swift in Sources */ = {isa = PBXBuildFile; fileRef = F980AAC72D9B806A00E91E97 /* ContentView.swift */; };
		F980AACB2D9B806A00E91E97 /* NetflixCloneApp.swift in Sources */ = {isa = PBXBuildFile; fileRef = F980AAC82D9B806A00E91E97 /* NetflixCloneApp.swift */; };
		F980AACC2D9B806A00E91E97 /* Preview Assets.xcassets in Resources */ = {isa = PBXBuildFile; fileRef = F980AAC42D9B806A00E91E97 /* Preview Assets.xcassets */; };
		F980AACD2D9B806A00E91E97 /* Assets.xcassets in Resources */ = {isa = PBXBuildFile; fileRef = F980AAC62D9B806A00E91E97 /* Assets.xcassets */; };
		F980AAD12D9B809B00E91E97 /* NetflixHomeView.swift in Sources */ = {isa = PBXBuildFile; fileRef = F980AAD02D9B809B00E91E97 /* NetflixHomeView.swift */; };
		F980AAD32D9B820200E91E97 /* NetflixFilterCell.swift in Sources */ = {isa = PBXBuildFile; fileRef = F980AAD22D9B820200E91E97 /* NetflixFilterCell.swift */; };
		F980AAD52D9B835000E91E97 /* NetflixFilterBarView.swift in Sources */ = {isa = PBXBuildFile; fileRef = F980AAD42D9B835000E91E97 /* NetflixFilterBarView.swift */; };
/* End PBXBuildFile section */

/* Begin PBXFileReference section */
		F94F466E2DA1364F00E8C90C /* NetflixHeroCell.swift */ = {isa = PBXFileReference; lastKnownFileType = sourcecode.swift; path = NetflixHeroCell.swift; sourceTree = "<group>"; };
		F94F46712DA137C900E8C90C /* Constants.swift */ = {isa = PBXFileReference; lastKnownFileType = sourcecode.swift; path = Constants.swift; sourceTree = "<group>"; };
		F94F46732DA1381E00E8C90C /* ImageLoaderView.swift */ = {isa = PBXFileReference; lastKnownFileType = sourcecode.swift; path = ImageLoaderView.swift; sourceTree = "<group>"; };
		F980AAB32D9B7F4600E91E97 /* NetflixClone.app */ = {isa = PBXFileReference; explicitFileType = wrapper.application; includeInIndex = 0; path = NetflixClone.app; sourceTree = BUILT_PRODUCTS_DIR; };
		F980AAC42D9B806A00E91E97 /* Preview Assets.xcassets */ = {isa = PBXFileReference; lastKnownFileType = folder.assetcatalog; path = "Preview Assets.xcassets"; sourceTree = "<group>"; };
		F980AAC62D9B806A00E91E97 /* Assets.xcassets */ = {isa = PBXFileReference; lastKnownFileType = folder.assetcatalog; path = Assets.xcassets; sourceTree = "<group>"; };
		F980AAC72D9B806A00E91E97 /* ContentView.swift */ = {isa = PBXFileReference; lastKnownFileType = sourcecode.swift; path = ContentView.swift; sourceTree = "<group>"; };
		F980AAC82D9B806A00E91E97 /* NetflixCloneApp.swift */ = {isa = PBXFileReference; lastKnownFileType = sourcecode.swift; path = NetflixCloneApp.swift; sourceTree = "<group>"; };
		F980AAD02D9B809B00E91E97 /* NetflixHomeView.swift */ = {isa = PBXFileReference; lastKnownFileType = sourcecode.swift; path = NetflixHomeView.swift; sourceTree = "<group>"; };
		F980AAD22D9B820200E91E97 /* NetflixFilterCell.swift */ = {isa = PBXFileReference; lastKnownFileType = sourcecode.swift; path = NetflixFilterCell.swift; sourceTree = "<group>"; };
		F980AAD42D9B835000E91E97 /* NetflixFilterBarView.swift */ = {isa = PBXFileReference; lastKnownFileType = sourcecode.swift; path = NetflixFilterBarView.swift; sourceTree = "<group>"; };
/* End PBXFileReference section */

/* Begin PBXFrameworksBuildPhase section */
		F980AAB02D9B7F4600E91E97 /* Frameworks */ = {
			isa = PBXFrameworksBuildPhase;
			buildActionMask = 2147483647;
			files = (
			);
			runOnlyForDeploymentPostprocessing = 0;
		};
/* End PBXFrameworksBuildPhase section */

/* Begin PBXGroup section */
		F94F46702DA137C000E8C90C /* Shared */ = {
			isa = PBXGroup;
			children = (
				F94F46732DA1381E00E8C90C /* ImageLoaderView.swift */,
				F94F46712DA137C900E8C90C /* Constants.swift */,
			);
			path = Shared;
			sourceTree = "<group>";
		};
		F980AAAA2D9B7F4600E91E97 = {
			isa = PBXGroup;
			children = (
				F980AAC92D9B806A00E91E97 /* NetflixClone */,
				F980AAB42D9B7F4600E91E97 /* Products */,
			);
			sourceTree = "<group>";
		};
		F980AAB42D9B7F4600E91E97 /* Products */ = {
			isa = PBXGroup;
			children = (
				F980AAB32D9B7F4600E91E97 /* NetflixClone.app */,
			);
			name = Products;
			sourceTree = "<group>";
		};
		F980AAC52D9B806A00E91E97 /* Preview Content */ = {
			isa = PBXGroup;
			children = (
				F980AAC42D9B806A00E91E97 /* Preview Assets.xcassets */,
			);
			path = "Preview Content";
			sourceTree = "<group>";
		};
		F980AAC92D9B806A00E91E97 /* NetflixClone */ = {
			isa = PBXGroup;
			children = (
				F94F46702DA137C000E8C90C /* Shared */,
				F980AACF2D9B807600E91E97 /* Components */,
				F980AACE2D9B807200E91E97 /* Core */,
				F980AAC52D9B806A00E91E97 /* Preview Content */,
				F980AAC62D9B806A00E91E97 /* Assets.xcassets */,
				F980AAC72D9B806A00E91E97 /* ContentView.swift */,
				F980AAC82D9B806A00E91E97 /* NetflixCloneApp.swift */,
			);
			path = NetflixClone;
			sourceTree = "<group>";
		};
		F980AACE2D9B807200E91E97 /* Core */ = {
			isa = PBXGroup;
			children = (
				F980AAD02D9B809B00E91E97 /* NetflixHomeView.swift */,
			);
			path = Core;
			sourceTree = "<group>";
		};
		F980AACF2D9B807600E91E97 /* Components */ = {
			isa = PBXGroup;
			children = (
				F980AAD22D9B820200E91E97 /* NetflixFilterCell.swift */,
				F980AAD42D9B835000E91E97 /* NetflixFilterBarView.swift */,
				F94F466E2DA1364F00E8C90C /* NetflixHeroCell.swift */,
			);
			path = Components;
			sourceTree = "<group>";
		};
/* End PBXGroup section */

/* Begin PBXNativeTarget section */
		F980AAB22D9B7F4600E91E97 /* NetflixClone */ = {
			isa = PBXNativeTarget;
			buildConfigurationList = F980AAC12D9B7F4700E91E97 /* Build configuration list for PBXNativeTarget "NetflixClone" */;
			buildPhases = (
				F980AAAF2D9B7F4600E91E97 /* Sources */,
				F980AAB02D9B7F4600E91E97 /* Frameworks */,
				F980AAB12D9B7F4600E91E97 /* Resources */,
			);
			buildRules = (
			);
			dependencies = (
			);
			name = NetflixClone;
			packageProductDependencies = (
			);
			productName = NetflixClone;
			productReference = F980AAB32D9B7F4600E91E97 /* NetflixClone.app */;
			productType = "com.apple.product-type.application";
		};
/* End PBXNativeTarget section */

/* Begin PBXProject section */
		F980AAAB2D9B7F4600E91E97 /* Project object */ = {
			isa = PBXProject;
			attributes = {
				BuildIndependentTargetsInParallel = 1;
				LastSwiftUpdateCheck = 1620;
				LastUpgradeCheck = 1620;
				TargetAttributes = {
					F980AAB22D9B7F4600E91E97 = {
						CreatedOnToolsVersion = 16.2;
					};
				};
			};
			buildConfigurationList = F980AAAE2D9B7F4600E91E97 /* Build configuration list for PBXProject "NetflixClone" */;
			developmentRegion = en;
			hasScannedForEncodings = 0;
			knownRegions = (
				en,
				Base,
			);
			mainGroup = F980AAAA2D9B7F4600E91E97;
			minimizedProjectReferenceProxies = 1;
			preferredProjectObjectVersion = 77;
			productRefGroup = F980AAB42D9B7F4600E91E97 /* Products */;
			projectDirPath = "";
			projectRoot = "";
			targets = (
				F980AAB22D9B7F4600E91E97 /* NetflixClone */,
			);
		};
/* End PBXProject section */

/* Begin PBXResourcesBuildPhase section */
		F980AAB12D9B7F4600E91E97 /* Resources */ = {
			isa = PBXResourcesBuildPhase;
			buildActionMask = 2147483647;
			files = (
				F980AACC2D9B806A00E91E97 /* Preview Assets.xcassets in Resources */,
				F980AACD2D9B806A00E91E97 /* Assets.xcassets in Resources */,
			);
			runOnlyForDeploymentPostprocessing = 0;
		};
/* End PBXResourcesBuildPhase section */

/* Begin PBXSourcesBuildPhase section */
		F980AAAF2D9B7F4600E91E97 /* Sources */ = {
			isa = PBXSourcesBuildPhase;
			buildActionMask = 2147483647;
			files = (
				F980AAD52D9B835000E91E97 /* NetflixFilterBarView.swift in Sources */,
				F980AACA2D9B806A00E91E97 /* ContentView.swift in Sources */,
				F94F466F2DA1364F00E8C90C /* NetflixHeroCell.swift in Sources */,
				F980AACB2D9B806A00E91E97 /* NetflixCloneApp.swift in Sources */,
				F94F46722DA137CC00E8C90C /* Constants.swift in Sources */,
				F94F46742DA1381E00E8C90C /* ImageLoaderView.swift in Sources */,
				F980AAD32D9B820200E91E97 /* NetflixFilterCell.swift in Sources */,
				F980AAD12D9B809B00E91E97 /* NetflixHomeView.swift in Sources */,
			);
			runOnlyForDeploymentPostprocessing = 0;
		};
/* End PBXSourcesBuildPhase section */

/* Begin XCBuildConfiguration section */
		F980AABF2D9B7F4700E91E97 /* Debug */ = {
			isa = XCBuildConfiguration;
			buildSettings = {
				ALWAYS_SEARCH_USER_PATHS = NO;
				ASSETCATALOG_COMPILER_GENERATE_SWIFT_ASSET_SYMBOL_EXTENSIONS = YES;
				CLANG_ANALYZER_NONNULL = YES;
				CLANG_ANALYZER_NUMBER_OBJECT_CONVERSION = YES_AGGRESSIVE;
				CLANG_CXX_LANGUAGE_STANDARD = "gnu++20";
				CLANG_ENABLE_MODULES = YES;
				CLANG_ENABLE_OBJC_ARC = YES;
				CLANG_ENABLE_OBJC_WEAK = YES;
				CLANG_WARN_BLOCK_CAPTURE_AUTORELEASING = YES;
				CLANG_WARN_BOOL_CONVERSION = YES;
				CLANG_WARN_COMMA = YES;
				CLANG_WARN_CONSTANT_CONVERSION = YES;
				CLANG_WARN_DEPRECATED_OBJC_IMPLEMENTATIONS = YES;
				CLANG_WARN_DIRECT_OBJC_ISA_USAGE = YES_ERROR;
				CLANG_WARN_DOCUMENTATION_COMMENTS = YES;
				CLANG_WARN_EMPTY_BODY = YES;
				CLANG_WARN_ENUM_CONVERSION = YES;
				CLANG_WARN_INFINITE_RECURSION = YES;
				CLANG_WARN_INT_CONVERSION = YES;
				CLANG_WARN_NON_LITERAL_NULL_CONVERSION = YES;
				CLANG_WARN_OBJC_IMPLICIT_RETAIN_SELF = YES;
				CLANG_WARN_OBJC_LITERAL_CONVERSION = YES;
				CLANG_WARN_OBJC_ROOT_CLASS = YES_ERROR;
				CLANG_WARN_QUOTED_INCLUDE_IN_FRAMEWORK_HEADER = YES;
				CLANG_WARN_RANGE_LOOP_ANALYSIS = YES;
				CLANG_WARN_STRICT_PROTOTYPES = YES;
				CLANG_WARN_SUSPICIOUS_MOVE = YES;
				CLANG_WARN_UNGUARDED_AVAILABILITY = YES_AGGRESSIVE;
				CLANG_WARN_UNREACHABLE_CODE = YES;
				CLANG_WARN__DUPLICATE_METHOD_MATCH = YES;
				COPY_PHASE_STRIP = NO;
				DEBUG_INFORMATION_FORMAT = dwarf;
				ENABLE_STRICT_OBJC_MSGSEND = YES;
				ENABLE_TESTABILITY = YES;
				ENABLE_USER_SCRIPT_SANDBOXING = YES;
				GCC_C_LANGUAGE_STANDARD = gnu17;
				GCC_DYNAMIC_NO_PIC = NO;
				GCC_NO_COMMON_BLOCKS = YES;
				GCC_OPTIMIZATION_LEVEL = 0;
				GCC_PREPROCESSOR_DEFINITIONS = (
					"DEBUG=1",
					"$(inherited)",
				);
				GCC_WARN_64_TO_32_BIT_CONVERSION = YES;
				GCC_WARN_ABOUT_RETURN_TYPE = YES_ERROR;
				GCC_WARN_UNDECLARED_SELECTOR = YES;
				GCC_WARN_UNINITIALIZED_AUTOS = YES_AGGRESSIVE;
				GCC_WARN_UNUSED_FUNCTION = YES;
				GCC_WARN_UNUSED_VARIABLE = YES;
				IPHONEOS_DEPLOYMENT_TARGET = 18.2;
				LOCALIZATION_PREFERS_STRING_CATALOGS = YES;
				MTL_ENABLE_DEBUG_INFO = INCLUDE_SOURCE;
				MTL_FAST_MATH = YES;
				ONLY_ACTIVE_ARCH = YES;
				SDKROOT = iphoneos;
				SWIFT_ACTIVE_COMPILATION_CONDITIONS = "DEBUG $(inherited)";
				SWIFT_OPTIMIZATION_LEVEL = "-Onone";
			};
			name = Debug;
		};
		F980AAC02D9B7F4700E91E97 /* Release */ = {
			isa = XCBuildConfiguration;
			buildSettings = {
				ALWAYS_SEARCH_USER_PATHS = NO;
				ASSETCATALOG_COMPILER_GENERATE_SWIFT_ASSET_SYMBOL_EXTENSIONS = YES;
				CLANG_ANALYZER_NONNULL = YES;
				CLANG_ANALYZER_NUMBER_OBJECT_CONVERSION = YES_AGGRESSIVE;
				CLANG_CXX_LANGUAGE_STANDARD = "gnu++20";
				CLANG_ENABLE_MODULES = YES;
				CLANG_ENABLE_OBJC_ARC = YES;
				CLANG_ENABLE_OBJC_WEAK = YES;
				CLANG_WARN_BLOCK_CAPTURE_AUTORELEASING = YES;
				CLANG_WARN_BOOL_CONVERSION = YES;
				CLANG_WARN_COMMA = YES;
				CLANG_WARN_CONSTANT_CONVERSION = YES;
				CLANG_WARN_DEPRECATED_OBJC_IMPLEMENTATIONS = YES;
				CLANG_WARN_DIRECT_OBJC_ISA_USAGE = YES_ERROR;
				CLANG_WARN_DOCUMENTATION_COMMENTS = YES;
				CLANG_WARN_EMPTY_BODY = YES;
				CLANG_WARN_ENUM_CONVERSION = YES;
				CLANG_WARN_INFINITE_RECURSION = YES;
				CLANG_WARN_INT_CONVERSION = YES;
				CLANG_WARN_NON_LITERAL_NULL_CONVERSION = YES;
				CLANG_WARN_OBJC_IMPLICIT_RETAIN_SELF = YES;
				CLANG_WARN_OBJC_LITERAL_CONVERSION = YES;
				CLANG_WARN_OBJC_ROOT_CLASS = YES_ERROR;
				CLANG_WARN_QUOTED_INCLUDE_IN_FRAMEWORK_HEADER = YES;
				CLANG_WARN_RANGE_LOOP_ANALYSIS = YES;
				CLANG_WARN_STRICT_PROTOTYPES = YES;
				CLANG_WARN_SUSPICIOUS_MOVE = YES;
				CLANG_WARN_UNGUARDED_AVAILABILITY = YES_AGGRESSIVE;
				CLANG_WARN_UNREACHABLE_CODE = YES;
				CLANG_WARN__DUPLICATE_METHOD_MATCH = YES;
				COPY_PHASE_STRIP = NO;
				DEBUG_INFORMATION_FORMAT = "dwarf-with-dsym";
				ENABLE_NS_ASSERTIONS = NO;
				ENABLE_STRICT_OBJC_MSGSEND = YES;
				ENABLE_USER_SCRIPT_SANDBOXING = YES;
				GCC_C_LANGUAGE_STANDARD = gnu17;
				GCC_NO_COMMON_BLOCKS = YES;
				GCC_WARN_64_TO_32_BIT_CONVERSION = YES;
				GCC_WARN_ABOUT_RETURN_TYPE = YES_ERROR;
				GCC_WARN_UNDECLARED_SELECTOR = YES;
				GCC_WARN_UNINITIALIZED_AUTOS = YES_AGGRESSIVE;
				GCC_WARN_UNUSED_FUNCTION = YES;
				GCC_WARN_UNUSED_VARIABLE = YES;
				IPHONEOS_DEPLOYMENT_TARGET = 18.2;
				LOCALIZATION_PREFERS_STRING_CATALOGS = YES;
				MTL_ENABLE_DEBUG_INFO = NO;
				MTL_FAST_MATH = YES;
				SDKROOT = iphoneos;
				SWIFT_COMPILATION_MODE = wholemodule;
				VALIDATE_PRODUCT = YES;
			};
			name = Release;
		};
		F980AAC22D9B7F4700E91E97 /* Debug */ = {
			isa = XCBuildConfiguration;
			buildSettings = {
				ASSETCATALOG_COMPILER_APPICON_NAME = AppIcon;
				ASSETCATALOG_COMPILER_GLOBAL_ACCENT_COLOR_NAME = AccentColor;
				CODE_SIGN_STYLE = Automatic;
				CURRENT_PROJECT_VERSION = 1;
				DEVELOPMENT_ASSET_PATHS = "\"NetflixClone/Preview Content\"";
				DEVELOPMENT_TEAM = MWBS4R8DBQ;
				ENABLE_PREVIEWS = YES;
				GENERATE_INFOPLIST_FILE = YES;
				INFOPLIST_KEY_UIApplicationSceneManifest_Generation = YES;
				INFOPLIST_KEY_UIApplicationSupportsIndirectInputEvents = YES;
				INFOPLIST_KEY_UILaunchScreen_Generation = YES;
				INFOPLIST_KEY_UISupportedInterfaceOrientations_iPad = "UIInterfaceOrientationPortrait UIInterfaceOrientationPortraitUpsideDown UIInterfaceOrientationLandscapeLeft UIInterfaceOrientationLandscapeRight";
				INFOPLIST_KEY_UISupportedInterfaceOrientations_iPhone = "UIInterfaceOrientationPortrait UIInterfaceOrientationLandscapeLeft UIInterfaceOrientationLandscapeRight";
				LD_RUNPATH_SEARCH_PATHS = (
					"$(inherited)",
					"@executable_path/Frameworks",
				);
				MARKETING_VERSION = 1.0;
				PRODUCT_BUNDLE_IDENTIFIER = com.junil.NetflixClone;
				PRODUCT_NAME = "$(TARGET_NAME)";
				SWIFT_EMIT_LOC_STRINGS = YES;
				SWIFT_VERSION = 5.0;
				TARGETED_DEVICE_FAMILY = "1,2";
			};
			name = Debug;
		};
		F980AAC32D9B7F4700E91E97 /* Release */ = {
			isa = XCBuildConfiguration;
			buildSettings = {
				ASSETCATALOG_COMPILER_APPICON_NAME = AppIcon;
				ASSETCATALOG_COMPILER_GLOBAL_ACCENT_COLOR_NAME = AccentColor;
				CODE_SIGN_STYLE = Automatic;
				CURRENT_PROJECT_VERSION = 1;
				DEVELOPMENT_ASSET_PATHS = "\"NetflixClone/Preview Content\"";
				DEVELOPMENT_TEAM = MWBS4R8DBQ;
				ENABLE_PREVIEWS = YES;
				GENERATE_INFOPLIST_FILE = YES;
				INFOPLIST_KEY_UIApplicationSceneManifest_Generation = YES;
				INFOPLIST_KEY_UIApplicationSupportsIndirectInputEvents = YES;
				INFOPLIST_KEY_UILaunchScreen_Generation = YES;
				INFOPLIST_KEY_UISupportedInterfaceOrientations_iPad = "UIInterfaceOrientationPortrait UIInterfaceOrientationPortraitUpsideDown UIInterfaceOrientationLandscapeLeft UIInterfaceOrientationLandscapeRight";
				INFOPLIST_KEY_UISupportedInterfaceOrientations_iPhone = "UIInterfaceOrientationPortrait UIInterfaceOrientationLandscapeLeft UIInterfaceOrientationLandscapeRight";
				LD_RUNPATH_SEARCH_PATHS = (
					"$(inherited)",
					"@executable_path/Frameworks",
				);
				MARKETING_VERSION = 1.0;
				PRODUCT_BUNDLE_IDENTIFIER = com.junil.NetflixClone;
				PRODUCT_NAME = "$(TARGET_NAME)";
				SWIFT_EMIT_LOC_STRINGS = YES;
				SWIFT_VERSION = 5.0;
				TARGETED_DEVICE_FAMILY = "1,2";
			};
			name = Release;
		};
/* End XCBuildConfiguration section */

/* Begin XCConfigurationList section */
		F980AAAE2D9B7F4600E91E97 /* Build configuration list for PBXProject "NetflixClone" */ = {
			isa = XCConfigurationList;
			buildConfigurations = (
				F980AABF2D9B7F4700E91E97 /* Debug */,
				F980AAC02D9B7F4700E91E97 /* Release */,
			);
			defaultConfigurationIsVisible = 0;
			defaultConfigurationName = Release;
		};
		F980AAC12D9B7F4700E91E97 /* Build configuration list for PBXNativeTarget "NetflixClone" */ = {
			isa = XCConfigurationList;
			buildConfigurations = (
				F980AAC22D9B7F4700E91E97 /* Debug */,
				F980AAC32D9B7F4700E91E97 /* Release */,
			);
			defaultConfigurationIsVisible = 0;
			defaultConfigurationName = Release;
		};
/* End XCConfigurationList section */
	};
	rootObject = F980AAAB2D9B7F4600E91E97 /* Project object */;
}
